// !$*UTF8*$!
{
	archiveVersion = 1;
	classes = {
	};
	objectVersion = 56;
	objects = {

/* Begin PBXBuildFile section */
		3876B8172A5C4E5C00EC7FC3 /* Constants.swift in Sources */ = {isa = PBXBuildFile; fileRef = 3876B8162A5C4E5C00EC7FC3 /* Constants.swift */; };
		3876B8192A5C57ED00EC7FC3 /* RecipesService.swift in Sources */ = {isa = PBXBuildFile; fileRef = 3876B8182A5C57ED00EC7FC3 /* RecipesService.swift */; };
		3876B81B2A5C59F000EC7FC3 /* RecipeData.swift in Sources */ = {isa = PBXBuildFile; fileRef = 3876B81A2A5C59F000EC7FC3 /* RecipeData.swift */; };
		3876B81D2A5C5F9800EC7FC3 /* Recipes.json in Resources */ = {isa = PBXBuildFile; fileRef = 3876B81C2A5C5F9800EC7FC3 /* Recipes.json */; };
		3876B81F2A5C617B00EC7FC3 /* URLFakeSessionBuilder.swift in Sources */ = {isa = PBXBuildFile; fileRef = 3876B81E2A5C617B00EC7FC3 /* URLFakeSessionBuilder.swift */; };
		3876B8212A5C620F00EC7FC3 /* MockURLProtocol.swift in Sources */ = {isa = PBXBuildFile; fileRef = 3876B8202A5C620F00EC7FC3 /* MockURLProtocol.swift */; };
		3876B8232A5D850D00EC7FC3 /* RecipesFakeResponseData.swift in Sources */ = {isa = PBXBuildFile; fileRef = 3876B8222A5D850D00EC7FC3 /* RecipesFakeResponseData.swift */; };
		3876B8252A5D8A2900EC7FC3 /* RecipesSearchResult.swift in Sources */ = {isa = PBXBuildFile; fileRef = 3876B8242A5D8A2900EC7FC3 /* RecipesSearchResult.swift */; };
		38BB18382A5ED8E700EA83A2 /* RecipesRepository.swift in Sources */ = {isa = PBXBuildFile; fileRef = 38BB18372A5ED8E700EA83A2 /* RecipesRepository.swift */; };
		38BB183B2A602FCA00EA83A2 /* CoreDataStack.swift in Sources */ = {isa = PBXBuildFile; fileRef = 38BB183A2A602FCA00EA83A2 /* CoreDataStack.swift */; };
		38BB183D2A60544400EA83A2 /* Recipe+RecipeData.swift in Sources */ = {isa = PBXBuildFile; fileRef = 38BB183C2A60544400EA83A2 /* Recipe+RecipeData.swift */; };
		38BB183F2A618FF200EA83A2 /* Ingredient+RecipeData.swift in Sources */ = {isa = PBXBuildFile; fileRef = 38BB183E2A618FF200EA83A2 /* Ingredient+RecipeData.swift */; };
		38BB18432A6196EE00EA83A2 /* RecipesRepositoryTests.swift in Sources */ = {isa = PBXBuildFile; fileRef = 38BB18422A6196EE00EA83A2 /* RecipesRepositoryTests.swift */; };
		38BB18462A61972500EA83A2 /* IngredientData.swift in Sources */ = {isa = PBXBuildFile; fileRef = 38BB18452A61972500EA83A2 /* IngredientData.swift */; };
		38BB18482A6542A900EA83A2 /* TestCoreDataStack.swift in Sources */ = {isa = PBXBuildFile; fileRef = 38BB18472A6542A900EA83A2 /* TestCoreDataStack.swift */; };
		38BB184B2A654E1100EA83A2 /* Kingfisher in Frameworks */ = {isa = PBXBuildFile; productRef = 38BB184A2A654E1100EA83A2 /* Kingfisher */; };
		38CCD17E2A556A3D00D61701 /* AppDelegate.swift in Sources */ = {isa = PBXBuildFile; fileRef = 38CCD17D2A556A3D00D61701 /* AppDelegate.swift */; };
		38CCD1802A556A3D00D61701 /* SceneDelegate.swift in Sources */ = {isa = PBXBuildFile; fileRef = 38CCD17F2A556A3D00D61701 /* SceneDelegate.swift */; };
		38CCD1852A556A3D00D61701 /* Main.storyboard in Resources */ = {isa = PBXBuildFile; fileRef = 38CCD1832A556A3D00D61701 /* Main.storyboard */; };
		38CCD1882A556A3D00D61701 /* Reciplease.xcdatamodeld in Sources */ = {isa = PBXBuildFile; fileRef = 38CCD1862A556A3D00D61701 /* Reciplease.xcdatamodeld */; };
		38CCD18A2A556A3E00D61701 /* Assets.xcassets in Resources */ = {isa = PBXBuildFile; fileRef = 38CCD1892A556A3E00D61701 /* Assets.xcassets */; };
		38CCD18D2A556A3E00D61701 /* LaunchScreen.storyboard in Resources */ = {isa = PBXBuildFile; fileRef = 38CCD18B2A556A3E00D61701 /* LaunchScreen.storyboard */; };
		38CCD1982A556A3E00D61701 /* RecipesServiceTests.swift in Sources */ = {isa = PBXBuildFile; fileRef = 38CCD1972A556A3E00D61701 /* RecipesServiceTests.swift */; };
		38CCD1B62A56FF9300D61701 /* SearchViewController.swift in Sources */ = {isa = PBXBuildFile; fileRef = 38CCD1B52A56FF9200D61701 /* SearchViewController.swift */; };
		38CCD1B82A5812EB00D61701 /* RecipesViewController.swift in Sources */ = {isa = PBXBuildFile; fileRef = 38CCD1B72A5812EB00D61701 /* RecipesViewController.swift */; };
		38CCD1BB2A582C5800D61701 /* Alamofire in Frameworks */ = {isa = PBXBuildFile; productRef = 38CCD1BA2A582C5800D61701 /* Alamofire */; };
/* End PBXBuildFile section */

/* Begin PBXContainerItemProxy section */
		38CCD1942A556A3E00D61701 /* PBXContainerItemProxy */ = {
			isa = PBXContainerItemProxy;
			containerPortal = 38CCD1722A556A3D00D61701 /* Project object */;
			proxyType = 1;
			remoteGlobalIDString = 38CCD1792A556A3D00D61701;
			remoteInfo = Reciplease;
		};
/* End PBXContainerItemProxy section */

/* Begin PBXFileReference section */
		3876B8162A5C4E5C00EC7FC3 /* Constants.swift */ = {isa = PBXFileReference; lastKnownFileType = sourcecode.swift; path = Constants.swift; sourceTree = "<group>"; };
		3876B8182A5C57ED00EC7FC3 /* RecipesService.swift */ = {isa = PBXFileReference; lastKnownFileType = sourcecode.swift; path = RecipesService.swift; sourceTree = "<group>"; };
		3876B81A2A5C59F000EC7FC3 /* RecipeData.swift */ = {isa = PBXFileReference; lastKnownFileType = sourcecode.swift; path = RecipeData.swift; sourceTree = "<group>"; };
		3876B81C2A5C5F9800EC7FC3 /* Recipes.json */ = {isa = PBXFileReference; lastKnownFileType = text.json; path = Recipes.json; sourceTree = "<group>"; };
		3876B81E2A5C617B00EC7FC3 /* URLFakeSessionBuilder.swift */ = {isa = PBXFileReference; lastKnownFileType = sourcecode.swift; path = URLFakeSessionBuilder.swift; sourceTree = "<group>"; };
		3876B8202A5C620F00EC7FC3 /* MockURLProtocol.swift */ = {isa = PBXFileReference; lastKnownFileType = sourcecode.swift; path = MockURLProtocol.swift; sourceTree = "<group>"; };
		3876B8222A5D850D00EC7FC3 /* RecipesFakeResponseData.swift */ = {isa = PBXFileReference; lastKnownFileType = sourcecode.swift; path = RecipesFakeResponseData.swift; sourceTree = "<group>"; };
		3876B8242A5D8A2900EC7FC3 /* RecipesSearchResult.swift */ = {isa = PBXFileReference; lastKnownFileType = sourcecode.swift; path = RecipesSearchResult.swift; sourceTree = "<group>"; };
		38BB18362A5EB15200EA83A2 /* Reciplease.xctestplan */ = {isa = PBXFileReference; lastKnownFileType = text; path = Reciplease.xctestplan; sourceTree = "<group>"; };
		38BB18372A5ED8E700EA83A2 /* RecipesRepository.swift */ = {isa = PBXFileReference; lastKnownFileType = sourcecode.swift; path = RecipesRepository.swift; sourceTree = "<group>"; };
		38BB183A2A602FCA00EA83A2 /* CoreDataStack.swift */ = {isa = PBXFileReference; lastKnownFileType = sourcecode.swift; path = CoreDataStack.swift; sourceTree = "<group>"; };
		38BB183C2A60544400EA83A2 /* Recipe+RecipeData.swift */ = {isa = PBXFileReference; lastKnownFileType = sourcecode.swift; path = "Recipe+RecipeData.swift"; sourceTree = "<group>"; };
		38BB183E2A618FF200EA83A2 /* Ingredient+RecipeData.swift */ = {isa = PBXFileReference; lastKnownFileType = sourcecode.swift; path = "Ingredient+RecipeData.swift"; sourceTree = "<group>"; };
		38BB18422A6196EE00EA83A2 /* RecipesRepositoryTests.swift */ = {isa = PBXFileReference; lastKnownFileType = sourcecode.swift; path = RecipesRepositoryTests.swift; sourceTree = "<group>"; };
		38BB18452A61972500EA83A2 /* IngredientData.swift */ = {isa = PBXFileReference; lastKnownFileType = sourcecode.swift; path = IngredientData.swift; sourceTree = "<group>"; };
		38BB18472A6542A900EA83A2 /* TestCoreDataStack.swift */ = {isa = PBXFileReference; lastKnownFileType = sourcecode.swift; path = TestCoreDataStack.swift; sourceTree = "<group>"; };
		38CCD17A2A556A3D00D61701 /* Reciplease.app */ = {isa = PBXFileReference; explicitFileType = wrapper.application; includeInIndex = 0; path = Reciplease.app; sourceTree = BUILT_PRODUCTS_DIR; };
		38CCD17D2A556A3D00D61701 /* AppDelegate.swift */ = {isa = PBXFileReference; lastKnownFileType = sourcecode.swift; path = AppDelegate.swift; sourceTree = "<group>"; };
		38CCD17F2A556A3D00D61701 /* SceneDelegate.swift */ = {isa = PBXFileReference; lastKnownFileType = sourcecode.swift; path = SceneDelegate.swift; sourceTree = "<group>"; };
		38CCD1842A556A3D00D61701 /* Base */ = {isa = PBXFileReference; lastKnownFileType = file.storyboard; name = Base; path = Base.lproj/Main.storyboard; sourceTree = "<group>"; };
		38CCD1872A556A3D00D61701 /* Reciplease.xcdatamodel */ = {isa = PBXFileReference; lastKnownFileType = wrapper.xcdatamodel; path = Reciplease.xcdatamodel; sourceTree = "<group>"; };
		38CCD1892A556A3E00D61701 /* Assets.xcassets */ = {isa = PBXFileReference; lastKnownFileType = folder.assetcatalog; path = Assets.xcassets; sourceTree = "<group>"; };
		38CCD18C2A556A3E00D61701 /* Base */ = {isa = PBXFileReference; lastKnownFileType = file.storyboard; name = Base; path = Base.lproj/LaunchScreen.storyboard; sourceTree = "<group>"; };
		38CCD18E2A556A3E00D61701 /* Info.plist */ = {isa = PBXFileReference; lastKnownFileType = text.plist.xml; path = Info.plist; sourceTree = "<group>"; };
		38CCD1932A556A3E00D61701 /* RecipleaseTests.xctest */ = {isa = PBXFileReference; explicitFileType = wrapper.cfbundle; includeInIndex = 0; path = RecipleaseTests.xctest; sourceTree = BUILT_PRODUCTS_DIR; };
		38CCD1972A556A3E00D61701 /* RecipesServiceTests.swift */ = {isa = PBXFileReference; lastKnownFileType = sourcecode.swift; path = RecipesServiceTests.swift; sourceTree = "<group>"; };
		38CCD1B52A56FF9200D61701 /* SearchViewController.swift */ = {isa = PBXFileReference; lastKnownFileType = sourcecode.swift; path = SearchViewController.swift; sourceTree = "<group>"; };
		38CCD1B72A5812EB00D61701 /* RecipesViewController.swift */ = {isa = PBXFileReference; lastKnownFileType = sourcecode.swift; path = RecipesViewController.swift; sourceTree = "<group>"; };
/* End PBXFileReference section */

/* Begin PBXFrameworksBuildPhase section */
		38CCD1772A556A3D00D61701 /* Frameworks */ = {
			isa = PBXFrameworksBuildPhase;
			buildActionMask = 2147483647;
			files = (
				38BB184B2A654E1100EA83A2 /* Kingfisher in Frameworks */,
				38CCD1BB2A582C5800D61701 /* Alamofire in Frameworks */,
			);
			runOnlyForDeploymentPostprocessing = 0;
		};
		38CCD1902A556A3E00D61701 /* Frameworks */ = {
			isa = PBXFrameworksBuildPhase;
			buildActionMask = 2147483647;
			files = (
			);
			runOnlyForDeploymentPostprocessing = 0;
		};
/* End PBXFrameworksBuildPhase section */

/* Begin PBXGroup section */
		38BB18392A602FBE00EA83A2 /* CoreData */ = {
			isa = PBXGroup;
			children = (
				38CCD1862A556A3D00D61701 /* Reciplease.xcdatamodeld */,
				38BB183A2A602FCA00EA83A2 /* CoreDataStack.swift */,
			);
			path = CoreData;
			sourceTree = "<group>";
		};
		38BB18402A6196BD00EA83A2 /* RecipesService */ = {
			isa = PBXGroup;
			children = (
				38CCD1972A556A3E00D61701 /* RecipesServiceTests.swift */,
				3876B81C2A5C5F9800EC7FC3 /* Recipes.json */,
				3876B81E2A5C617B00EC7FC3 /* URLFakeSessionBuilder.swift */,
				3876B8202A5C620F00EC7FC3 /* MockURLProtocol.swift */,
				3876B8222A5D850D00EC7FC3 /* RecipesFakeResponseData.swift */,
			);
			path = RecipesService;
			sourceTree = "<group>";
		};
		38BB18412A6196CF00EA83A2 /* RecipesRepository */ = {
			isa = PBXGroup;
			children = (
				38BB18422A6196EE00EA83A2 /* RecipesRepositoryTests.swift */,
				38BB18472A6542A900EA83A2 /* TestCoreDataStack.swift */,
			);
			path = RecipesRepository;
			sourceTree = "<group>";
		};
		38BB18442A61970100EA83A2 /* Extensions */ = {
			isa = PBXGroup;
			children = (
				38BB183C2A60544400EA83A2 /* Recipe+RecipeData.swift */,
				38BB183E2A618FF200EA83A2 /* Ingredient+RecipeData.swift */,
			);
			path = Extensions;
			sourceTree = "<group>";
		};
		38BB184C2A6579AE00EA83A2 /* DataModel */ = {
			isa = PBXGroup;
			children = (
				3876B81A2A5C59F000EC7FC3 /* RecipeData.swift */,
				38BB18452A61972500EA83A2 /* IngredientData.swift */,
			);
			path = DataModel;
			sourceTree = "<group>";
		};
		38CCD1712A556A3D00D61701 = {
			isa = PBXGroup;
			children = (
				38BB18362A5EB15200EA83A2 /* Reciplease.xctestplan */,
				38CCD17C2A556A3D00D61701 /* Reciplease */,
				38CCD1962A556A3E00D61701 /* RecipleaseTests */,
				38CCD17B2A556A3D00D61701 /* Products */,
			);
			sourceTree = "<group>";
		};
		38CCD17B2A556A3D00D61701 /* Products */ = {
			isa = PBXGroup;
			children = (
				38CCD17A2A556A3D00D61701 /* Reciplease.app */,
				38CCD1932A556A3E00D61701 /* RecipleaseTests.xctest */,
			);
			name = Products;
			sourceTree = "<group>";
		};
		38CCD17C2A556A3D00D61701 /* Reciplease */ = {
			isa = PBXGroup;
			children = (
				38CCD18E2A556A3E00D61701 /* Info.plist */,
				38CCD1B22A55732900D61701 /* Model */,
				38CCD1B12A55732300D61701 /* View */,
				38CCD1B02A55731A00D61701 /* Controller */,
				38CCD1B42A55733B00D61701 /* Utilities */,
				38CCD1B32A55732F00D61701 /* Supporting Files */,
			);
			path = Reciplease;
			sourceTree = "<group>";
		};
		38CCD1962A556A3E00D61701 /* RecipleaseTests */ = {
			isa = PBXGroup;
			children = (
				38BB18412A6196CF00EA83A2 /* RecipesRepository */,
				38BB18402A6196BD00EA83A2 /* RecipesService */,
			);
			path = RecipleaseTests;
			sourceTree = "<group>";
		};
		38CCD1B02A55731A00D61701 /* Controller */ = {
			isa = PBXGroup;
			children = (
				38CCD1B52A56FF9200D61701 /* SearchViewController.swift */,
				38CCD1B72A5812EB00D61701 /* RecipesViewController.swift */,
			);
			path = Controller;
			sourceTree = "<group>";
		};
		38CCD1B12A55732300D61701 /* View */ = {
			isa = PBXGroup;
			children = (
				38CCD1832A556A3D00D61701 /* Main.storyboard */,
			);
			path = View;
			sourceTree = "<group>";
		};
		38CCD1B22A55732900D61701 /* Model */ = {
			isa = PBXGroup;
			children = (
				38BB184C2A6579AE00EA83A2 /* DataModel */,
				3876B8242A5D8A2900EC7FC3 /* RecipesSearchResult.swift */,
				3876B8182A5C57ED00EC7FC3 /* RecipesService.swift */,
				38BB18372A5ED8E700EA83A2 /* RecipesRepository.swift */,
				38BB18442A61970100EA83A2 /* Extensions */,
			);
			path = Model;
			sourceTree = "<group>";
		};
		38CCD1B32A55732F00D61701 /* Supporting Files */ = {
			isa = PBXGroup;
			children = (
				38CCD17D2A556A3D00D61701 /* AppDelegate.swift */,
				38CCD17F2A556A3D00D61701 /* SceneDelegate.swift */,
				38CCD18B2A556A3E00D61701 /* LaunchScreen.storyboard */,
				38CCD1892A556A3E00D61701 /* Assets.xcassets */,
			);
			path = "Supporting Files";
			sourceTree = "<group>";
		};
		38CCD1B42A55733B00D61701 /* Utilities */ = {
			isa = PBXGroup;
			children = (
				38BB18392A602FBE00EA83A2 /* CoreData */,
				3876B8162A5C4E5C00EC7FC3 /* Constants.swift */,
			);
			path = Utilities;
			sourceTree = "<group>";
		};
/* End PBXGroup section */

/* Begin PBXNativeTarget section */
		38CCD1792A556A3D00D61701 /* Reciplease */ = {
			isa = PBXNativeTarget;
			buildConfigurationList = 38CCD1A72A556A3E00D61701 /* Build configuration list for PBXNativeTarget "Reciplease" */;
			buildPhases = (
				38CCD1762A556A3D00D61701 /* Sources */,
				38CCD1772A556A3D00D61701 /* Frameworks */,
				38CCD1782A556A3D00D61701 /* Resources */,
			);
			buildRules = (
			);
			dependencies = (
			);
			name = Reciplease;
			packageProductDependencies = (
				38CCD1BA2A582C5800D61701 /* Alamofire */,
				38BB184A2A654E1100EA83A2 /* Kingfisher */,
			);
			productName = Reciplease;
			productReference = 38CCD17A2A556A3D00D61701 /* Reciplease.app */;
			productType = "com.apple.product-type.application";
		};
		38CCD1922A556A3E00D61701 /* RecipleaseTests */ = {
			isa = PBXNativeTarget;
			buildConfigurationList = 38CCD1AA2A556A3E00D61701 /* Build configuration list for PBXNativeTarget "RecipleaseTests" */;
			buildPhases = (
				38CCD18F2A556A3E00D61701 /* Sources */,
				38CCD1902A556A3E00D61701 /* Frameworks */,
				38CCD1912A556A3E00D61701 /* Resources */,
			);
			buildRules = (
			);
			dependencies = (
				38CCD1952A556A3E00D61701 /* PBXTargetDependency */,
			);
			name = RecipleaseTests;
			productName = RecipleaseTests;
			productReference = 38CCD1932A556A3E00D61701 /* RecipleaseTests.xctest */;
			productType = "com.apple.product-type.bundle.unit-test";
		};
/* End PBXNativeTarget section */

/* Begin PBXProject section */
		38CCD1722A556A3D00D61701 /* Project object */ = {
			isa = PBXProject;
			attributes = {
				BuildIndependentTargetsInParallel = 1;
				LastSwiftUpdateCheck = 1430;
				LastUpgradeCheck = 1430;
				TargetAttributes = {
					38CCD1792A556A3D00D61701 = {
						CreatedOnToolsVersion = 14.3.1;
					};
					38CCD1922A556A3E00D61701 = {
						CreatedOnToolsVersion = 14.3.1;
						TestTargetID = 38CCD1792A556A3D00D61701;
					};
				};
			};
			buildConfigurationList = 38CCD1752A556A3D00D61701 /* Build configuration list for PBXProject "Reciplease" */;
			compatibilityVersion = "Xcode 14.0";
			developmentRegion = en;
			hasScannedForEncodings = 0;
			knownRegions = (
				en,
				Base,
			);
			mainGroup = 38CCD1712A556A3D00D61701;
			packageReferences = (
				38CCD1B92A582C5800D61701 /* XCRemoteSwiftPackageReference "Alamofire" */,
				38BB18492A654E1100EA83A2 /* XCRemoteSwiftPackageReference "Kingfisher" */,
			);
			productRefGroup = 38CCD17B2A556A3D00D61701 /* Products */;
			projectDirPath = "";
			projectRoot = "";
			targets = (
				38CCD1792A556A3D00D61701 /* Reciplease */,
				38CCD1922A556A3E00D61701 /* RecipleaseTests */,
			);
		};
/* End PBXProject section */

/* Begin PBXResourcesBuildPhase section */
		38CCD1782A556A3D00D61701 /* Resources */ = {
			isa = PBXResourcesBuildPhase;
			buildActionMask = 2147483647;
			files = (
				38CCD18D2A556A3E00D61701 /* LaunchScreen.storyboard in Resources */,
				38CCD18A2A556A3E00D61701 /* Assets.xcassets in Resources */,
				38CCD1852A556A3D00D61701 /* Main.storyboard in Resources */,
			);
			runOnlyForDeploymentPostprocessing = 0;
		};
		38CCD1912A556A3E00D61701 /* Resources */ = {
			isa = PBXResourcesBuildPhase;
			buildActionMask = 2147483647;
			files = (
				3876B81D2A5C5F9800EC7FC3 /* Recipes.json in Resources */,
			);
			runOnlyForDeploymentPostprocessing = 0;
		};
/* End PBXResourcesBuildPhase section */

/* Begin PBXSourcesBuildPhase section */
		38CCD1762A556A3D00D61701 /* Sources */ = {
			isa = PBXSourcesBuildPhase;
			buildActionMask = 2147483647;
			files = (
				38CCD1B62A56FF9300D61701 /* SearchViewController.swift in Sources */,
				38BB183D2A60544400EA83A2 /* Recipe+RecipeData.swift in Sources */,
				3876B8252A5D8A2900EC7FC3 /* RecipesSearchResult.swift in Sources */,
				38CCD1882A556A3D00D61701 /* Reciplease.xcdatamodeld in Sources */,
				38BB18462A61972500EA83A2 /* IngredientData.swift in Sources */,
				38CCD17E2A556A3D00D61701 /* AppDelegate.swift in Sources */,
				38CCD1B82A5812EB00D61701 /* RecipesViewController.swift in Sources */,
				38CCD1802A556A3D00D61701 /* SceneDelegate.swift in Sources */,
				38BB183F2A618FF200EA83A2 /* Ingredient+RecipeData.swift in Sources */,
				38BB183B2A602FCA00EA83A2 /* CoreDataStack.swift in Sources */,
				3876B8172A5C4E5C00EC7FC3 /* Constants.swift in Sources */,
				38BB18382A5ED8E700EA83A2 /* RecipesRepository.swift in Sources */,
				3876B8192A5C57ED00EC7FC3 /* RecipesService.swift in Sources */,
				3876B81B2A5C59F000EC7FC3 /* RecipeData.swift in Sources */,
			);
			runOnlyForDeploymentPostprocessing = 0;
		};
		38CCD18F2A556A3E00D61701 /* Sources */ = {
			isa = PBXSourcesBuildPhase;
			buildActionMask = 2147483647;
			files = (
				3876B8212A5C620F00EC7FC3 /* MockURLProtocol.swift in Sources */,
				38BB18432A6196EE00EA83A2 /* RecipesRepositoryTests.swift in Sources */,
				38CCD1982A556A3E00D61701 /* RecipesServiceTests.swift in Sources */,
				3876B81F2A5C617B00EC7FC3 /* URLFakeSessionBuilder.swift in Sources */,
				3876B8232A5D850D00EC7FC3 /* RecipesFakeResponseData.swift in Sources */,
				38BB18482A6542A900EA83A2 /* TestCoreDataStack.swift in Sources */,
			);
			runOnlyForDeploymentPostprocessing = 0;
		};
/* End PBXSourcesBuildPhase section */

/* Begin PBXTargetDependency section */
		38CCD1952A556A3E00D61701 /* PBXTargetDependency */ = {
			isa = PBXTargetDependency;
			target = 38CCD1792A556A3D00D61701 /* Reciplease */;
			targetProxy = 38CCD1942A556A3E00D61701 /* PBXContainerItemProxy */;
		};
/* End PBXTargetDependency section */

/* Begin PBXVariantGroup section */
		38CCD1832A556A3D00D61701 /* Main.storyboard */ = {
			isa = PBXVariantGroup;
			children = (
				38CCD1842A556A3D00D61701 /* Base */,
			);
			name = Main.storyboard;
			sourceTree = "<group>";
		};
		38CCD18B2A556A3E00D61701 /* LaunchScreen.storyboard */ = {
			isa = PBXVariantGroup;
			children = (
				38CCD18C2A556A3E00D61701 /* Base */,
			);
			name = LaunchScreen.storyboard;
			sourceTree = "<group>";
		};
/* End PBXVariantGroup section */

/* Begin XCBuildConfiguration section */
		38CCD1A52A556A3E00D61701 /* Debug */ = {
			isa = XCBuildConfiguration;
			buildSettings = {
				ALWAYS_SEARCH_USER_PATHS = NO;
				CLANG_ANALYZER_NONNULL = YES;
				CLANG_ANALYZER_NUMBER_OBJECT_CONVERSION = YES_AGGRESSIVE;
				CLANG_CXX_LANGUAGE_STANDARD = "gnu++20";
				CLANG_ENABLE_MODULES = YES;
				CLANG_ENABLE_OBJC_ARC = YES;
				CLANG_ENABLE_OBJC_WEAK = YES;
				CLANG_WARN_BLOCK_CAPTURE_AUTORELEASING = YES;
				CLANG_WARN_BOOL_CONVERSION = YES;
				CLANG_WARN_COMMA = YES;
				CLANG_WARN_CONSTANT_CONVERSION = YES;
				CLANG_WARN_DEPRECATED_OBJC_IMPLEMENTATIONS = YES;
				CLANG_WARN_DIRECT_OBJC_ISA_USAGE = YES_ERROR;
				CLANG_WARN_DOCUMENTATION_COMMENTS = YES;
				CLANG_WARN_EMPTY_BODY = YES;
				CLANG_WARN_ENUM_CONVERSION = YES;
				CLANG_WARN_INFINITE_RECURSION = YES;
				CLANG_WARN_INT_CONVERSION = YES;
				CLANG_WARN_NON_LITERAL_NULL_CONVERSION = YES;
				CLANG_WARN_OBJC_IMPLICIT_RETAIN_SELF = YES;
				CLANG_WARN_OBJC_LITERAL_CONVERSION = YES;
				CLANG_WARN_OBJC_ROOT_CLASS = YES_ERROR;
				CLANG_WARN_QUOTED_INCLUDE_IN_FRAMEWORK_HEADER = YES;
				CLANG_WARN_RANGE_LOOP_ANALYSIS = YES;
				CLANG_WARN_STRICT_PROTOTYPES = YES;
				CLANG_WARN_SUSPICIOUS_MOVE = YES;
				CLANG_WARN_UNGUARDED_AVAILABILITY = YES_AGGRESSIVE;
				CLANG_WARN_UNREACHABLE_CODE = YES;
				CLANG_WARN__DUPLICATE_METHOD_MATCH = YES;
				COPY_PHASE_STRIP = NO;
				DEBUG_INFORMATION_FORMAT = dwarf;
				ENABLE_STRICT_OBJC_MSGSEND = YES;
				ENABLE_TESTABILITY = YES;
				GCC_C_LANGUAGE_STANDARD = gnu11;
				GCC_DYNAMIC_NO_PIC = NO;
				GCC_NO_COMMON_BLOCKS = YES;
				GCC_OPTIMIZATION_LEVEL = 0;
				GCC_PREPROCESSOR_DEFINITIONS = (
					"DEBUG=1",
					"$(inherited)",
				);
				GCC_WARN_64_TO_32_BIT_CONVERSION = YES;
				GCC_WARN_ABOUT_RETURN_TYPE = YES_ERROR;
				GCC_WARN_UNDECLARED_SELECTOR = YES;
				GCC_WARN_UNINITIALIZED_AUTOS = YES_AGGRESSIVE;
				GCC_WARN_UNUSED_FUNCTION = YES;
				GCC_WARN_UNUSED_VARIABLE = YES;
				IPHONEOS_DEPLOYMENT_TARGET = 16.4;
				MTL_ENABLE_DEBUG_INFO = INCLUDE_SOURCE;
				MTL_FAST_MATH = YES;
				ONLY_ACTIVE_ARCH = YES;
				SDKROOT = iphoneos;
				SWIFT_ACTIVE_COMPILATION_CONDITIONS = DEBUG;
				SWIFT_OPTIMIZATION_LEVEL = "-Onone";
			};
			name = Debug;
		};
		38CCD1A62A556A3E00D61701 /* Release */ = {
			isa = XCBuildConfiguration;
			buildSettings = {
				ALWAYS_SEARCH_USER_PATHS = NO;
				CLANG_ANALYZER_NONNULL = YES;
				CLANG_ANALYZER_NUMBER_OBJECT_CONVERSION = YES_AGGRESSIVE;
				CLANG_CXX_LANGUAGE_STANDARD = "gnu++20";
				CLANG_ENABLE_MODULES = YES;
				CLANG_ENABLE_OBJC_ARC = YES;
				CLANG_ENABLE_OBJC_WEAK = YES;
				CLANG_WARN_BLOCK_CAPTURE_AUTORELEASING = YES;
				CLANG_WARN_BOOL_CONVERSION = YES;
				CLANG_WARN_COMMA = YES;
				CLANG_WARN_CONSTANT_CONVERSION = YES;
				CLANG_WARN_DEPRECATED_OBJC_IMPLEMENTATIONS = YES;
				CLANG_WARN_DIRECT_OBJC_ISA_USAGE = YES_ERROR;
				CLANG_WARN_DOCUMENTATION_COMMENTS = YES;
				CLANG_WARN_EMPTY_BODY = YES;
				CLANG_WARN_ENUM_CONVERSION = YES;
				CLANG_WARN_INFINITE_RECURSION = YES;
				CLANG_WARN_INT_CONVERSION = YES;
				CLANG_WARN_NON_LITERAL_NULL_CONVERSION = YES;
				CLANG_WARN_OBJC_IMPLICIT_RETAIN_SELF = YES;
				CLANG_WARN_OBJC_LITERAL_CONVERSION = YES;
				CLANG_WARN_OBJC_ROOT_CLASS = YES_ERROR;
				CLANG_WARN_QUOTED_INCLUDE_IN_FRAMEWORK_HEADER = YES;
				CLANG_WARN_RANGE_LOOP_ANALYSIS = YES;
				CLANG_WARN_STRICT_PROTOTYPES = YES;
				CLANG_WARN_SUSPICIOUS_MOVE = YES;
				CLANG_WARN_UNGUARDED_AVAILABILITY = YES_AGGRESSIVE;
				CLANG_WARN_UNREACHABLE_CODE = YES;
				CLANG_WARN__DUPLICATE_METHOD_MATCH = YES;
				COPY_PHASE_STRIP = NO;
				DEBUG_INFORMATION_FORMAT = "dwarf-with-dsym";
				ENABLE_NS_ASSERTIONS = NO;
				ENABLE_STRICT_OBJC_MSGSEND = YES;
				GCC_C_LANGUAGE_STANDARD = gnu11;
				GCC_NO_COMMON_BLOCKS = YES;
				GCC_WARN_64_TO_32_BIT_CONVERSION = YES;
				GCC_WARN_ABOUT_RETURN_TYPE = YES_ERROR;
				GCC_WARN_UNDECLARED_SELECTOR = YES;
				GCC_WARN_UNINITIALIZED_AUTOS = YES_AGGRESSIVE;
				GCC_WARN_UNUSED_FUNCTION = YES;
				GCC_WARN_UNUSED_VARIABLE = YES;
				IPHONEOS_DEPLOYMENT_TARGET = 16.4;
				MTL_ENABLE_DEBUG_INFO = NO;
				MTL_FAST_MATH = YES;
				SDKROOT = iphoneos;
				SWIFT_COMPILATION_MODE = wholemodule;
				SWIFT_OPTIMIZATION_LEVEL = "-O";
				VALIDATE_PRODUCT = YES;
			};
			name = Release;
		};
		38CCD1A82A556A3E00D61701 /* Debug */ = {
			isa = XCBuildConfiguration;
			buildSettings = {
				ASSETCATALOG_COMPILER_APPICON_NAME = AppIcon;
				ASSETCATALOG_COMPILER_GLOBAL_ACCENT_COLOR_NAME = AccentColor;
				CODE_SIGN_STYLE = Automatic;
				CURRENT_PROJECT_VERSION = 1;
				DEVELOPMENT_TEAM = VZ899C4D4A;
				GENERATE_INFOPLIST_FILE = YES;
				INFOPLIST_FILE = Reciplease/Info.plist;
				INFOPLIST_KEY_CFBundleDisplayName = Reciplease;
				INFOPLIST_KEY_LSApplicationCategoryType = "public.app-category.food-and-drink";
				INFOPLIST_KEY_UIApplicationSupportsIndirectInputEvents = YES;
				INFOPLIST_KEY_UILaunchStoryboardName = LaunchScreen;
				INFOPLIST_KEY_UIMainStoryboardFile = Main;
				INFOPLIST_KEY_UISupportedInterfaceOrientations = UIInterfaceOrientationPortrait;
				INFOPLIST_KEY_UISupportedInterfaceOrientations_iPad = "UIInterfaceOrientationLandscapeLeft UIInterfaceOrientationLandscapeRight UIInterfaceOrientationPortrait UIInterfaceOrientationPortraitUpsideDown";
				LD_RUNPATH_SEARCH_PATHS = (
					"$(inherited)",
					"@executable_path/Frameworks",
				);
				MARKETING_VERSION = 1.0;
				PRODUCT_BUNDLE_IDENTIFIER = com.liliangrasset.Reciplease;
				PRODUCT_NAME = "$(TARGET_NAME)";
				SUPPORTED_PLATFORMS = "iphoneos iphonesimulator";
				SUPPORTS_MACCATALYST = NO;
				SUPPORTS_MAC_DESIGNED_FOR_IPHONE_IPAD = NO;
				SWIFT_EMIT_LOC_STRINGS = YES;
				SWIFT_VERSION = 5.0;
				TARGETED_DEVICE_FAMILY = 1;
			};
			name = Debug;
		};
		38CCD1A92A556A3E00D61701 /* Release */ = {
			isa = XCBuildConfiguration;
			buildSettings = {
				ASSETCATALOG_COMPILER_APPICON_NAME = AppIcon;
				ASSETCATALOG_COMPILER_GLOBAL_ACCENT_COLOR_NAME = AccentColor;
				CODE_SIGN_STYLE = Automatic;
				CURRENT_PROJECT_VERSION = 1;
				DEVELOPMENT_TEAM = VZ899C4D4A;
				GENERATE_INFOPLIST_FILE = YES;
				INFOPLIST_FILE = Reciplease/Info.plist;
				INFOPLIST_KEY_CFBundleDisplayName = Reciplease;
				INFOPLIST_KEY_LSApplicationCategoryType = "public.app-category.food-and-drink";
				INFOPLIST_KEY_UIApplicationSupportsIndirectInputEvents = YES;
				INFOPLIST_KEY_UILaunchStoryboardName = LaunchScreen;
				INFOPLIST_KEY_UIMainStoryboardFile = Main;
				INFOPLIST_KEY_UISupportedInterfaceOrientations = UIInterfaceOrientationPortrait;
				INFOPLIST_KEY_UISupportedInterfaceOrientations_iPad = "UIInterfaceOrientationLandscapeLeft UIInterfaceOrientationLandscapeRight UIInterfaceOrientationPortrait UIInterfaceOrientationPortraitUpsideDown";
				LD_RUNPATH_SEARCH_PATHS = (
					"$(inherited)",
					"@executable_path/Frameworks",
				);
				MARKETING_VERSION = 1.0;
				PRODUCT_BUNDLE_IDENTIFIER = com.liliangrasset.Reciplease;
				PRODUCT_NAME = "$(TARGET_NAME)";
				SUPPORTED_PLATFORMS = "iphoneos iphonesimulator";
				SUPPORTS_MACCATALYST = NO;
				SUPPORTS_MAC_DESIGNED_FOR_IPHONE_IPAD = NO;
				SWIFT_EMIT_LOC_STRINGS = YES;
				SWIFT_VERSION = 5.0;
				TARGETED_DEVICE_FAMILY = 1;
			};
			name = Release;
		};
		38CCD1AB2A556A3E00D61701 /* Debug */ = {
			isa = XCBuildConfiguration;
			buildSettings = {
				ALWAYS_EMBED_SWIFT_STANDARD_LIBRARIES = YES;
				BUNDLE_LOADER = "$(TEST_HOST)";
				CODE_SIGN_STYLE = Automatic;
				CURRENT_PROJECT_VERSION = 1;
				DEVELOPMENT_TEAM = VZ899C4D4A;
				GENERATE_INFOPLIST_FILE = YES;
				IPHONEOS_DEPLOYMENT_TARGET = 16.4;
				MARKETING_VERSION = 1.0;
				PRODUCT_BUNDLE_IDENTIFIER = com.liliangrasset.RecipleaseTests;
				PRODUCT_NAME = "$(TARGET_NAME)";
				SUPPORTED_PLATFORMS = "iphoneos iphonesimulator";
				SUPPORTS_MACCATALYST = NO;
				SUPPORTS_MAC_DESIGNED_FOR_IPHONE_IPAD = NO;
				SWIFT_EMIT_LOC_STRINGS = NO;
				SWIFT_VERSION = 5.0;
				TARGETED_DEVICE_FAMILY = 1;
				TEST_HOST = "$(BUILT_PRODUCTS_DIR)/Reciplease.app/$(BUNDLE_EXECUTABLE_FOLDER_PATH)/Reciplease";
			};
			name = Debug;
		};
		38CCD1AC2A556A3E00D61701 /* Release */ = {
			isa = XCBuildConfiguration;
			buildSettings = {
				ALWAYS_EMBED_SWIFT_STANDARD_LIBRARIES = YES;
				BUNDLE_LOADER = "$(TEST_HOST)";
				CODE_SIGN_STYLE = Automatic;
				CURRENT_PROJECT_VERSION = 1;
				DEVELOPMENT_TEAM = VZ899C4D4A;
				GENERATE_INFOPLIST_FILE = YES;
				IPHONEOS_DEPLOYMENT_TARGET = 16.4;
				MARKETING_VERSION = 1.0;
				PRODUCT_BUNDLE_IDENTIFIER = com.liliangrasset.RecipleaseTests;
				PRODUCT_NAME = "$(TARGET_NAME)";
				SUPPORTED_PLATFORMS = "iphoneos iphonesimulator";
				SUPPORTS_MACCATALYST = NO;
				SUPPORTS_MAC_DESIGNED_FOR_IPHONE_IPAD = NO;
				SWIFT_EMIT_LOC_STRINGS = NO;
				SWIFT_VERSION = 5.0;
				TARGETED_DEVICE_FAMILY = 1;
				TEST_HOST = "$(BUILT_PRODUCTS_DIR)/Reciplease.app/$(BUNDLE_EXECUTABLE_FOLDER_PATH)/Reciplease";
			};
			name = Release;
		};
/* End XCBuildConfiguration section */

/* Begin XCConfigurationList section */
		38CCD1752A556A3D00D61701 /* Build configuration list for PBXProject "Reciplease" */ = {
			isa = XCConfigurationList;
			buildConfigurations = (
				38CCD1A52A556A3E00D61701 /* Debug */,
				38CCD1A62A556A3E00D61701 /* Release */,
			);
			defaultConfigurationIsVisible = 0;
			defaultConfigurationName = Release;
		};
		38CCD1A72A556A3E00D61701 /* Build configuration list for PBXNativeTarget "Reciplease" */ = {
			isa = XCConfigurationList;
			buildConfigurations = (
				38CCD1A82A556A3E00D61701 /* Debug */,
				38CCD1A92A556A3E00D61701 /* Release */,
			);
			defaultConfigurationIsVisible = 0;
			defaultConfigurationName = Release;
		};
		38CCD1AA2A556A3E00D61701 /* Build configuration list for PBXNativeTarget "RecipleaseTests" */ = {
			isa = XCConfigurationList;
			buildConfigurations = (
				38CCD1AB2A556A3E00D61701 /* Debug */,
				38CCD1AC2A556A3E00D61701 /* Release */,
			);
			defaultConfigurationIsVisible = 0;
			defaultConfigurationName = Release;
		};
/* End XCConfigurationList section */

/* Begin XCRemoteSwiftPackageReference section */
		38BB18492A654E1100EA83A2 /* XCRemoteSwiftPackageReference "Kingfisher" */ = {
			isa = XCRemoteSwiftPackageReference;
			repositoryURL = "https://github.com/onevcat/Kingfisher.git";
			requirement = {
				kind = upToNextMajorVersion;
				minimumVersion = 7.0.0;
			};
		};
		38CCD1B92A582C5800D61701 /* XCRemoteSwiftPackageReference "Alamofire" */ = {
			isa = XCRemoteSwiftPackageReference;
			repositoryURL = "https://github.com/Alamofire/Alamofire.git";
			requirement = {
				kind = upToNextMajorVersion;
				minimumVersion = 5.0.0;
			};
		};
/* End XCRemoteSwiftPackageReference section */

/* Begin XCSwiftPackageProductDependency section */
		38BB184A2A654E1100EA83A2 /* Kingfisher */ = {
			isa = XCSwiftPackageProductDependency;
			package = 38BB18492A654E1100EA83A2 /* XCRemoteSwiftPackageReference "Kingfisher" */;
			productName = Kingfisher;
		};
		38CCD1BA2A582C5800D61701 /* Alamofire */ = {
			isa = XCSwiftPackageProductDependency;
			package = 38CCD1B92A582C5800D61701 /* XCRemoteSwiftPackageReference "Alamofire" */;
			productName = Alamofire;
		};
/* End XCSwiftPackageProductDependency section */

/* Begin XCVersionGroup section */
		38CCD1862A556A3D00D61701 /* Reciplease.xcdatamodeld */ = {
			isa = XCVersionGroup;
			children = (
				38CCD1872A556A3D00D61701 /* Reciplease.xcdatamodel */,
			);
			currentVersion = 38CCD1872A556A3D00D61701 /* Reciplease.xcdatamodel */;
			path = Reciplease.xcdatamodeld;
			sourceTree = "<group>";
			versionGroupType = wrapper.xcdatamodel;
		};
/* End XCVersionGroup section */
	};
	rootObject = 38CCD1722A556A3D00D61701 /* Project object */;
}
